
Microsoft Visual Studio Solution File, Format Version 12.00
# Visual Studio Version 17
VisualStudioVersion = 17.7.34202.233
MinimumVisualStudioVersion = 10.0.40219.1
Project("{9A19103F-16F7-4668-BE54-9A1E7A4F7556}") = "ConsoleApp4", "ConsoleApp4\ConsoleApp4.csproj", "{F584C9F2-927A-4F0E-BEA6-DA91F3442B8D}"
EndProject
Project("{FAE04EC0-301F-11D3-BF4B-00C04F79EFBC}") = "TestProject1", "TestProject1\TestProject1.csproj", "{2D50E853-5C2B-4705-B3C3-7F27F4435FCE}"
EndProject
Global
	GlobalSection(SolutionConfigurationPlatforms) = preSolution
		Debug|Any CPU = Debug|Any CPU
		Release|Any CPU = Release|Any CPU
	EndGlobalSection
	GlobalSection(ProjectConfigurationPlatforms) = postSolution
		{F584C9F2-927A-4F0E-BEA6-DA91F3442B8D}.Debug|Any CPU.ActiveCfg = Debug|Any CPU
		{F584C9F2-927A-4F0E-BEA6-DA91F3442B8D}.Debug|Any CPU.Build.0 = Debug|Any CPU
		{F584C9F2-927A-4F0E-BEA6-DA91F3442B8D}.Release|Any CPU.ActiveCfg = Release|Any CPU
		{F584C9F2-927A-4F0E-BEA6-DA91F3442B8D}.Release|Any CPU.Build.0 = Release|Any CPU
		{2D50E853-5C2B-4705-B3C3-7F27F4435FCE}.Debug|Any CPU.ActiveCfg = Debug|Any CPU
		{2D50E853-5C2B-4705-B3C3-7F27F4435FCE}.Debug|Any CPU.Build.0 = Debug|Any CPU
		{2D50E853-5C2B-4705-B3C3-7F27F4435FCE}.Release|Any CPU.ActiveCfg = Release|Any CPU
		{2D50E853-5C2B-4705-B3C3-7F27F4435FCE}.Release|Any CPU.Build.0 = Release|Any CPU
	EndGlobalSection
	GlobalSection(SolutionProperties) = preSolution
		HideSolutionNode = FALSE
	EndGlobalSection
	GlobalSection(ExtensibilityGlobals) = postSolution
		SolutionGuid = {10D033ED-9583-4B38-9DA6-63E84B3F273F}
	EndGlobalSection
EndGlobal
